// !$*UTF8*$!
{
	archiveVersion = 1;
	classes = {
	};
	objectVersion = 50;
	objects = {

/* Begin PBXBuildFile section */
		54E37DA2235F58C100D76652 /* AppDelegate.swift in Sources */ = {isa = PBXBuildFile; fileRef = 54E37DA1235F58C100D76652 /* AppDelegate.swift */; };
		54E37DA4235F58C100D76652 /* SceneDelegate.swift in Sources */ = {isa = PBXBuildFile; fileRef = 54E37DA3235F58C100D76652 /* SceneDelegate.swift */; };
		54E37DA6235F58C100D76652 /* ViewController.swift in Sources */ = {isa = PBXBuildFile; fileRef = 54E37DA5235F58C100D76652 /* ViewController.swift */; };
		54E37DA9235F58C100D76652 /* Main.storyboard in Resources */ = {isa = PBXBuildFile; fileRef = 54E37DA7235F58C100D76652 /* Main.storyboard */; };
		54E37DAB235F58C200D76652 /* Assets.xcassets in Resources */ = {isa = PBXBuildFile; fileRef = 54E37DAA235F58C200D76652 /* Assets.xcassets */; };
		54E37DAE235F58C200D76652 /* LaunchScreen.storyboard in Resources */ = {isa = PBXBuildFile; fileRef = 54E37DAC235F58C200D76652 /* LaunchScreen.storyboard */; };
		54E37DB9235F58C200D76652 /* kwon_Ethan_TicTacToeAppTests.swift in Sources */ = {isa = PBXBuildFile; fileRef = 54E37DB8235F58C200D76652 /* kwon_Ethan_TicTacToeAppTests.swift */; };
		54E37DC4235F58C200D76652 /* kwon_Ethan_TicTacToeAppUITests.swift in Sources */ = {isa = PBXBuildFile; fileRef = 54E37DC3235F58C200D76652 /* kwon_Ethan_TicTacToeAppUITests.swift */; };
/* End PBXBuildFile section */

/* Begin PBXContainerItemProxy section */
		54E37DB5235F58C200D76652 /* PBXContainerItemProxy */ = {
			isa = PBXContainerItemProxy;
			containerPortal = 54E37D96235F58C100D76652 /* Project object */;
			proxyType = 1;
			remoteGlobalIDString = 54E37D9D235F58C100D76652;
			remoteInfo = kwon_Ethan_TicTacToeApp;
		};
		54E37DC0235F58C200D76652 /* PBXContainerItemProxy */ = {
			isa = PBXContainerItemProxy;
			containerPortal = 54E37D96235F58C100D76652 /* Project object */;
			proxyType = 1;
			remoteGlobalIDString = 54E37D9D235F58C100D76652;
			remoteInfo = kwon_Ethan_TicTacToeApp;
		};
/* End PBXContainerItemProxy section */

/* Begin PBXFileReference section */
		54E37D9E235F58C100D76652 /* kwon_Ethan_TicTacToeApp.app */ = {isa = PBXFileReference; explicitFileType = wrapper.application; includeInIndex = 0; path = kwon_Ethan_TicTacToeApp.app; sourceTree = BUILT_PRODUCTS_DIR; };
		54E37DA1235F58C100D76652 /* AppDelegate.swift */ = {isa = PBXFileReference; lastKnownFileType = sourcecode.swift; path = AppDelegate.swift; sourceTree = "<group>"; };
		54E37DA3235F58C100D76652 /* SceneDelegate.swift */ = {isa = PBXFileReference; lastKnownFileType = sourcecode.swift; path = SceneDelegate.swift; sourceTree = "<group>"; };
		54E37DA5235F58C100D76652 /* ViewController.swift */ = {isa = PBXFileReference; lastKnownFileType = sourcecode.swift; path = ViewController.swift; sourceTree = "<group>"; };
		54E37DA8235F58C100D76652 /* Base */ = {isa = PBXFileReference; lastKnownFileType = file.storyboard; name = Base; path = Base.lproj/Main.storyboard; sourceTree = "<group>"; };
		54E37DAA235F58C200D76652 /* Assets.xcassets */ = {isa = PBXFileReference; lastKnownFileType = folder.assetcatalog; path = Assets.xcassets; sourceTree = "<group>"; };
		54E37DAD235F58C200D76652 /* Base */ = {isa = PBXFileReference; lastKnownFileType = file.storyboard; name = Base; path = Base.lproj/LaunchScreen.storyboard; sourceTree = "<group>"; };
		54E37DAF235F58C200D76652 /* Info.plist */ = {isa = PBXFileReference; lastKnownFileType = text.plist.xml; path = Info.plist; sourceTree = "<group>"; };
		54E37DB4235F58C200D76652 /* kwon_Ethan_TicTacToeAppTests.xctest */ = {isa = PBXFileReference; explicitFileType = wrapper.cfbundle; includeInIndex = 0; path = kwon_Ethan_TicTacToeAppTests.xctest; sourceTree = BUILT_PRODUCTS_DIR; };
		54E37DB8235F58C200D76652 /* kwon_Ethan_TicTacToeAppTests.swift */ = {isa = PBXFileReference; lastKnownFileType = sourcecode.swift; path = kwon_Ethan_TicTacToeAppTests.swift; sourceTree = "<group>"; };
		54E37DBA235F58C200D76652 /* Info.plist */ = {isa = PBXFileReference; lastKnownFileType = text.plist.xml; path = Info.plist; sourceTree = "<group>"; };
		54E37DBF235F58C200D76652 /* kwon_Ethan_TicTacToeAppUITests.xctest */ = {isa = PBXFileReference; explicitFileType = wrapper.cfbundle; includeInIndex = 0; path = kwon_Ethan_TicTacToeAppUITests.xctest; sourceTree = BUILT_PRODUCTS_DIR; };
		54E37DC3235F58C200D76652 /* kwon_Ethan_TicTacToeAppUITests.swift */ = {isa = PBXFileReference; lastKnownFileType = sourcecode.swift; path = kwon_Ethan_TicTacToeAppUITests.swift; sourceTree = "<group>"; };
		54E37DC5235F58C200D76652 /* Info.plist */ = {isa = PBXFileReference; lastKnownFileType = text.plist.xml; path = Info.plist; sourceTree = "<group>"; };
/* End PBXFileReference section */

/* Begin PBXFrameworksBuildPhase section */
		54E37D9B235F58C100D76652 /* Frameworks */ = {
			isa = PBXFrameworksBuildPhase;
			buildActionMask = 2147483647;
			files = (
			);
			runOnlyForDeploymentPostprocessing = 0;
		};
		54E37DB1235F58C200D76652 /* Frameworks */ = {
			isa = PBXFrameworksBuildPhase;
			buildActionMask = 2147483647;
			files = (
			);
			runOnlyForDeploymentPostprocessing = 0;
		};
		54E37DBC235F58C200D76652 /* Frameworks */ = {
			isa = PBXFrameworksBuildPhase;
			buildActionMask = 2147483647;
			files = (
			);
			runOnlyForDeploymentPostprocessing = 0;
		};
/* End PBXFrameworksBuildPhase section */

/* Begin PBXGroup section */
		54E37D95235F58C100D76652 = {
			isa = PBXGroup;
			children = (
				54E37DA0235F58C100D76652 /* kwon_Ethan_TicTacToeApp */,
				54E37DB7235F58C200D76652 /* kwon_Ethan_TicTacToeAppTests */,
				54E37DC2235F58C200D76652 /* kwon_Ethan_TicTacToeAppUITests */,
				54E37D9F235F58C100D76652 /* Products */,
			);
			sourceTree = "<group>";
		};
		54E37D9F235F58C100D76652 /* Products */ = {
			isa = PBXGroup;
			children = (
				54E37D9E235F58C100D76652 /* kwon_Ethan_TicTacToeApp.app */,
				54E37DB4235F58C200D76652 /* kwon_Ethan_TicTacToeAppTests.xctest */,
				54E37DBF235F58C200D76652 /* kwon_Ethan_TicTacToeAppUITests.xctest */,
			);
			name = Products;
			sourceTree = "<group>";
		};
		54E37DA0235F58C100D76652 /* kwon_Ethan_TicTacToeApp */ = {
			isa = PBXGroup;
			children = (
				54E37DA1235F58C100D76652 /* AppDelegate.swift */,
				54E37DA3235F58C100D76652 /* SceneDelegate.swift */,
				54E37DA5235F58C100D76652 /* ViewController.swift */,
				54E37DA7235F58C100D76652 /* Main.storyboard */,
				54E37DAA235F58C200D76652 /* Assets.xcassets */,
				54E37DAC235F58C200D76652 /* LaunchScreen.storyboard */,
				54E37DAF235F58C200D76652 /* Info.plist */,
			);
			path = kwon_Ethan_TicTacToeApp;
			sourceTree = "<group>";
		};
		54E37DB7235F58C200D76652 /* kwon_Ethan_TicTacToeAppTests */ = {
			isa = PBXGroup;
			children = (
				54E37DB8235F58C200D76652 /* kwon_Ethan_TicTacToeAppTests.swift */,
				54E37DBA235F58C200D76652 /* Info.plist */,
			);
			path = kwon_Ethan_TicTacToeAppTests;
			sourceTree = "<group>";
		};
		54E37DC2235F58C200D76652 /* kwon_Ethan_TicTacToeAppUITests */ = {
			isa = PBXGroup;
			children = (
				54E37DC3235F58C200D76652 /* kwon_Ethan_TicTacToeAppUITests.swift */,
				54E37DC5235F58C200D76652 /* Info.plist */,
			);
			path = kwon_Ethan_TicTacToeAppUITests;
			sourceTree = "<group>";
		};
/* End PBXGroup section */

/* Begin PBXNativeTarget section */
		54E37D9D235F58C100D76652 /* kwon_Ethan_TicTacToeApp */ = {
			isa = PBXNativeTarget;
			buildConfigurationList = 54E37DC8235F58C200D76652 /* Build configuration list for PBXNativeTarget "kwon_Ethan_TicTacToeApp" */;
			buildPhases = (
				54E37D9A235F58C100D76652 /* Sources */,
				54E37D9B235F58C100D76652 /* Frameworks */,
				54E37D9C235F58C100D76652 /* Resources */,
			);
			buildRules = (
			);
			dependencies = (
			);
			name = kwon_Ethan_TicTacToeApp;
			productName = kwon_Ethan_TicTacToeApp;
			productReference = 54E37D9E235F58C100D76652 /* kwon_Ethan_TicTacToeApp.app */;
			productType = "com.apple.product-type.application";
		};
		54E37DB3235F58C200D76652 /* kwon_Ethan_TicTacToeAppTests */ = {
			isa = PBXNativeTarget;
			buildConfigurationList = 54E37DCB235F58C200D76652 /* Build configuration list for PBXNativeTarget "kwon_Ethan_TicTacToeAppTests" */;
			buildPhases = (
				54E37DB0235F58C200D76652 /* Sources */,
				54E37DB1235F58C200D76652 /* Frameworks */,
				54E37DB2235F58C200D76652 /* Resources */,
			);
			buildRules = (
			);
			dependencies = (
				54E37DB6235F58C200D76652 /* PBXTargetDependency */,
			);
			name = kwon_Ethan_TicTacToeAppTests;
			productName = kwon_Ethan_TicTacToeAppTests;
			productReference = 54E37DB4235F58C200D76652 /* kwon_Ethan_TicTacToeAppTests.xctest */;
			productType = "com.apple.product-type.bundle.unit-test";
		};
		54E37DBE235F58C200D76652 /* kwon_Ethan_TicTacToeAppUITests */ = {
			isa = PBXNativeTarget;
			buildConfigurationList = 54E37DCE235F58C200D76652 /* Build configuration list for PBXNativeTarget "kwon_Ethan_TicTacToeAppUITests" */;
			buildPhases = (
				54E37DBB235F58C200D76652 /* Sources */,
				54E37DBC235F58C200D76652 /* Frameworks */,
				54E37DBD235F58C200D76652 /* Resources */,
			);
			buildRules = (
			);
			dependencies = (
				54E37DC1235F58C200D76652 /* PBXTargetDependency */,
			);
			name = kwon_Ethan_TicTacToeAppUITests;
			productName = kwon_Ethan_TicTacToeAppUITests;
			productReference = 54E37DBF235F58C200D76652 /* kwon_Ethan_TicTacToeAppUITests.xctest */;
			productType = "com.apple.product-type.bundle.ui-testing";
		};
/* End PBXNativeTarget section */

/* Begin PBXProject section */
		54E37D96235F58C100D76652 /* Project object */ = {
			isa = PBXProject;
			attributes = {
				LastSwiftUpdateCheck = 1110;
				LastUpgradeCheck = 1110;
				ORGANIZATIONNAME = "Period Three";
				TargetAttributes = {
					54E37D9D235F58C100D76652 = {
						CreatedOnToolsVersion = 11.1;
					};
					54E37DB3235F58C200D76652 = {
						CreatedOnToolsVersion = 11.1;
						TestTargetID = 54E37D9D235F58C100D76652;
					};
					54E37DBE235F58C200D76652 = {
						CreatedOnToolsVersion = 11.1;
						TestTargetID = 54E37D9D235F58C100D76652;
					};
				};
			};
			buildConfigurationList = 54E37D99235F58C100D76652 /* Build configuration list for PBXProject "kwon_Ethan_TicTacToeApp" */;
			compatibilityVersion = "Xcode 9.3";
			developmentRegion = en;
			hasScannedForEncodings = 0;
			knownRegions = (
				en,
				Base,
			);
			mainGroup = 54E37D95235F58C100D76652;
			productRefGroup = 54E37D9F235F58C100D76652 /* Products */;
			projectDirPath = "";
			projectRoot = "";
			targets = (
				54E37D9D235F58C100D76652 /* kwon_Ethan_TicTacToeApp */,
				54E37DB3235F58C200D76652 /* kwon_Ethan_TicTacToeAppTests */,
				54E37DBE235F58C200D76652 /* kwon_Ethan_TicTacToeAppUITests */,
			);
		};
/* End PBXProject section */

/* Begin PBXResourcesBuildPhase section */
		54E37D9C235F58C100D76652 /* Resources */ = {
			isa = PBXResourcesBuildPhase;
			buildActionMask = 2147483647;
			files = (
				54E37DAE235F58C200D76652 /* LaunchScreen.storyboard in Resources */,
				54E37DAB235F58C200D76652 /* Assets.xcassets in Resources */,
				54E37DA9235F58C100D76652 /* Main.storyboard in Resources */,
			);
			runOnlyForDeploymentPostprocessing = 0;
		};
		54E37DB2235F58C200D76652 /* Resources */ = {
			isa = PBXResourcesBuildPhase;
			buildActionMask = 2147483647;
			files = (
			);
			runOnlyForDeploymentPostprocessing = 0;
		};
		54E37DBD235F58C200D76652 /* Resources */ = {
			isa = PBXResourcesBuildPhase;
			buildActionMask = 2147483647;
			files = (
			);
			runOnlyForDeploymentPostprocessing = 0;
		};
/* End PBXResourcesBuildPhase section */

/* Begin PBXSourcesBuildPhase section */
		54E37D9A235F58C100D76652 /* Sources */ = {
			isa = PBXSourcesBuildPhase;
			buildActionMask = 2147483647;
			files = (
				54E37DA6235F58C100D76652 /* ViewController.swift in Sources */,
				54E37DA2235F58C100D76652 /* AppDelegate.swift in Sources */,
				54E37DA4235F58C100D76652 /* SceneDelegate.swift in Sources */,
			);
			runOnlyForDeploymentPostprocessing = 0;
		};
		54E37DB0235F58C200D76652 /* Sources */ = {
			isa = PBXSourcesBuildPhase;
			buildActionMask = 2147483647;
			files = (
				54E37DB9235F58C200D76652 /* kwon_Ethan_TicTacToeAppTests.swift in Sources */,
			);
			runOnlyForDeploymentPostprocessing = 0;
		};
		54E37DBB235F58C200D76652 /* Sources */ = {
			isa = PBXSourcesBuildPhase;
			buildActionMask = 2147483647;
			files = (
				54E37DC4235F58C200D76652 /* kwon_Ethan_TicTacToeAppUITests.swift in Sources */,
			);
			runOnlyForDeploymentPostprocessing = 0;
		};
/* End PBXSourcesBuildPhase section */

/* Begin PBXTargetDependency section */
		54E37DB6235F58C200D76652 /* PBXTargetDependency */ = {
			isa = PBXTargetDependency;
			target = 54E37D9D235F58C100D76652 /* kwon_Ethan_TicTacToeApp */;
			targetProxy = 54E37DB5235F58C200D76652 /* PBXContainerItemProxy */;
		};
		54E37DC1235F58C200D76652 /* PBXTargetDependency */ = {
			isa = PBXTargetDependency;
			target = 54E37D9D235F58C100D76652 /* kwon_Ethan_TicTacToeApp */;
			targetProxy = 54E37DC0235F58C200D76652 /* PBXContainerItemProxy */;
		};
/* End PBXTargetDependency section */

/* Begin PBXVariantGroup section */
		54E37DA7235F58C100D76652 /* Main.storyboard */ = {
			isa = PBXVariantGroup;
			children = (
				54E37DA8235F58C100D76652 /* Base */,
			);
			name = Main.storyboard;
			sourceTree = "<group>";
		};
		54E37DAC235F58C200D76652 /* LaunchScreen.storyboard */ = {
			isa = PBXVariantGroup;
			children = (
				54E37DAD235F58C200D76652 /* Base */,
			);
			name = LaunchScreen.storyboard;
			sourceTree = "<group>";
		};
/* End PBXVariantGroup section */

/* Begin XCBuildConfiguration section */
		54E37DC6235F58C200D76652 /* Debug */ = {
			isa = XCBuildConfiguration;
			buildSettings = {
				ALWAYS_SEARCH_USER_PATHS = NO;
				CLANG_ANALYZER_NONNULL = YES;
				CLANG_ANALYZER_NUMBER_OBJECT_CONVERSION = YES_AGGRESSIVE;
				CLANG_CXX_LANGUAGE_STANDARD = "gnu++14";
				CLANG_CXX_LIBRARY = "libc++";
				CLANG_ENABLE_MODULES = YES;
				CLANG_ENABLE_OBJC_ARC = YES;
				CLANG_ENABLE_OBJC_WEAK = YES;
				CLANG_WARN_BLOCK_CAPTURE_AUTORELEASING = YES;
				CLANG_WARN_BOOL_CONVERSION = YES;
				CLANG_WARN_COMMA = YES;
				CLANG_WARN_CONSTANT_CONVERSION = YES;
				CLANG_WARN_DEPRECATED_OBJC_IMPLEMENTATIONS = YES;
				CLANG_WARN_DIRECT_OBJC_ISA_USAGE = YES_ERROR;
				CLANG_WARN_DOCUMENTATION_COMMENTS = YES;
				CLANG_WARN_EMPTY_BODY = YES;
				CLANG_WARN_ENUM_CONVERSION = YES;
				CLANG_WARN_INFINITE_RECURSION = YES;
				CLANG_WARN_INT_CONVERSION = YES;
				CLANG_WARN_NON_LITERAL_NULL_CONVERSION = YES;
				CLANG_WARN_OBJC_IMPLICIT_RETAIN_SELF = YES;
				CLANG_WARN_OBJC_LITERAL_CONVERSION = YES;
				CLANG_WARN_OBJC_ROOT_CLASS = YES_ERROR;
				CLANG_WARN_RANGE_LOOP_ANALYSIS = YES;
				CLANG_WARN_STRICT_PROTOTYPES = YES;
				CLANG_WARN_SUSPICIOUS_MOVE = YES;
				CLANG_WARN_UNGUARDED_AVAILABILITY = YES_AGGRESSIVE;
				CLANG_WARN_UNREACHABLE_CODE = YES;
				CLANG_WARN__DUPLICATE_METHOD_MATCH = YES;
				COPY_PHASE_STRIP = NO;
				DEBUG_INFORMATION_FORMAT = dwarf;
				ENABLE_STRICT_OBJC_MSGSEND = YES;
				ENABLE_TESTABILITY = YES;
				GCC_C_LANGUAGE_STANDARD = gnu11;
				GCC_DYNAMIC_NO_PIC = NO;
				GCC_NO_COMMON_BLOCKS = YES;
				GCC_OPTIMIZATION_LEVEL = 0;
				GCC_PREPROCESSOR_DEFINITIONS = (
					"DEBUG=1",
					"$(inherited)",
				);
				GCC_WARN_64_TO_32_BIT_CONVERSION = YES;
				GCC_WARN_ABOUT_RETURN_TYPE = YES_ERROR;
				GCC_WARN_UNDECLARED_SELECTOR = YES;
				GCC_WARN_UNINITIALIZED_AUTOS = YES_AGGRESSIVE;
				GCC_WARN_UNUSED_FUNCTION = YES;
				GCC_WARN_UNUSED_VARIABLE = YES;
				IPHONEOS_DEPLOYMENT_TARGET = 13.1;
				MTL_ENABLE_DEBUG_INFO = INCLUDE_SOURCE;
				MTL_FAST_MATH = YES;
				ONLY_ACTIVE_ARCH = YES;
				SDKROOT = iphoneos;
				SWIFT_ACTIVE_COMPILATION_CONDITIONS = DEBUG;
				SWIFT_OPTIMIZATION_LEVEL = "-Onone";
			};
			name = Debug;
		};
		54E37DC7235F58C200D76652 /* Release */ = {
			isa = XCBuildConfiguration;
			buildSettings = {
				ALWAYS_SEARCH_USER_PATHS = NO;
				CLANG_ANALYZER_NONNULL = YES;
				CLANG_ANALYZER_NUMBER_OBJECT_CONVERSION = YES_AGGRESSIVE;
				CLANG_CXX_LANGUAGE_STANDARD = "gnu++14";
				CLANG_CXX_LIBRARY = "libc++";
				CLANG_ENABLE_MODULES = YES;
				CLANG_ENABLE_OBJC_ARC = YES;
				CLANG_ENABLE_OBJC_WEAK = YES;
				CLANG_WARN_BLOCK_CAPTURE_AUTORELEASING = YES;
				CLANG_WARN_BOOL_CONVERSION = YES;
				CLANG_WARN_COMMA = YES;
				CLANG_WARN_CONSTANT_CONVERSION = YES;
				CLANG_WARN_DEPRECATED_OBJC_IMPLEMENTATIONS = YES;
				CLANG_WARN_DIRECT_OBJC_ISA_USAGE = YES_ERROR;
				CLANG_WARN_DOCUMENTATION_COMMENTS = YES;
				CLANG_WARN_EMPTY_BODY = YES;
				CLANG_WARN_ENUM_CONVERSION = YES;
				CLANG_WARN_INFINITE_RECURSION = YES;
				CLANG_WARN_INT_CONVERSION = YES;
				CLANG_WARN_NON_LITERAL_NULL_CONVERSION = YES;
				CLANG_WARN_OBJC_IMPLICIT_RETAIN_SELF = YES;
				CLANG_WARN_OBJC_LITERAL_CONVERSION = YES;
				CLANG_WARN_OBJC_ROOT_CLASS = YES_ERROR;
				CLANG_WARN_RANGE_LOOP_ANALYSIS = YES;
				CLANG_WARN_STRICT_PROTOTYPES = YES;
				CLANG_WARN_SUSPICIOUS_MOVE = YES;
				CLANG_WARN_UNGUARDED_AVAILABILITY = YES_AGGRESSIVE;
				CLANG_WARN_UNREACHABLE_CODE = YES;
				CLANG_WARN__DUPLICATE_METHOD_MATCH = YES;
				COPY_PHASE_STRIP = NO;
				DEBUG_INFORMATION_FORMAT = "dwarf-with-dsym";
				ENABLE_NS_ASSERTIONS = NO;
				ENABLE_STRICT_OBJC_MSGSEND = YES;
				GCC_C_LANGUAGE_STANDARD = gnu11;
				GCC_NO_COMMON_BLOCKS = YES;
				GCC_WARN_64_TO_32_BIT_CONVERSION = YES;
				GCC_WARN_ABOUT_RETURN_TYPE = YES_ERROR;
				GCC_WARN_UNDECLARED_SELECTOR = YES;
				GCC_WARN_UNINITIALIZED_AUTOS = YES_AGGRESSIVE;
				GCC_WARN_UNUSED_FUNCTION = YES;
				GCC_WARN_UNUSED_VARIABLE = YES;
				IPHONEOS_DEPLOYMENT_TARGET = 13.1;
				MTL_ENABLE_DEBUG_INFO = NO;
				MTL_FAST_MATH = YES;
				SDKROOT = iphoneos;
				SWIFT_COMPILATION_MODE = wholemodule;
				SWIFT_OPTIMIZATION_LEVEL = "-O";
				VALIDATE_PRODUCT = YES;
			};
			name = Release;
		};
		54E37DC9235F58C200D76652 /* Debug */ = {
			isa = XCBuildConfiguration;
			buildSettings = {
				ASSETCATALOG_COMPILER_APPICON_NAME = AppIcon;
				CODE_SIGN_STYLE = Automatic;
				INFOPLIST_FILE = kwon_Ethan_TicTacToeApp/Info.plist;
				LD_RUNPATH_SEARCH_PATHS = (
					"$(inherited)",
					"@executable_path/Frameworks",
				);
				PRODUCT_BUNDLE_IDENTIFIER = "com.periodthree.kwon-Ethan-TicTacToeApp";
				PRODUCT_NAME = "$(TARGET_NAME)";
				SWIFT_VERSION = 5.0;
				TARGETED_DEVICE_FAMILY = "1,2";
			};
			name = Debug;
		};
		54E37DCA235F58C200D76652 /* Release */ = {
			isa = XCBuildConfiguration;
			buildSettings = {
				ASSETCATALOG_COMPILER_APPICON_NAME = AppIcon;
				CODE_SIGN_STYLE = Automatic;
				INFOPLIST_FILE = kwon_Ethan_TicTacToeApp/Info.plist;
				LD_RUNPATH_SEARCH_PATHS = (
					"$(inherited)",
					"@executable_path/Frameworks",
				);
				PRODUCT_BUNDLE_IDENTIFIER = "com.periodthree.kwon-Ethan-TicTacToeApp";
				PRODUCT_NAME = "$(TARGET_NAME)";
				SWIFT_VERSION = 5.0;
				TARGETED_DEVICE_FAMILY = "1,2";
			};
			name = Release;
		};
		54E37DCC235F58C200D76652 /* Debug */ = {
			isa = XCBuildConfiguration;
			buildSettings = {
				ALWAYS_EMBED_SWIFT_STANDARD_LIBRARIES = YES;
				BUNDLE_LOADER = "$(TEST_HOST)";
				CODE_SIGN_STYLE = Automatic;
				INFOPLIST_FILE = kwon_Ethan_TicTacToeAppTests/Info.plist;
				IPHONEOS_DEPLOYMENT_TARGET = 13.1;
				LD_RUNPATH_SEARCH_PATHS = (
					"$(inherited)",
					"@executable_path/Frameworks",
					"@loader_path/Frameworks",
				);
				PRODUCT_BUNDLE_IDENTIFIER = "com.periodthree.kwon-Ethan-TicTacToeAppTests";
				PRODUCT_NAME = "$(TARGET_NAME)";
				SWIFT_VERSION = 5.0;
				TARGETED_DEVICE_FAMILY = "1,2";
				TEST_HOST = "$(BUILT_PRODUCTS_DIR)/kwon_Ethan_TicTacToeApp.app/kwon_Ethan_TicTacToeApp";
			};
			name = Debug;
		};
		54E37DCD235F58C200D76652 /* Release */ = {
			isa = XCBuildConfiguration;
			buildSettings = {
				ALWAYS_EMBED_SWIFT_STANDARD_LIBRARIES = YES;
				BUNDLE_LOADER = "$(TEST_HOST)";
				CODE_SIGN_STYLE = Automatic;
				INFOPLIST_FILE = kwon_Ethan_TicTacToeAppTests/Info.plist;
				IPHONEOS_DEPLOYMENT_TARGET = 13.1;
				LD_RUNPATH_SEARCH_PATHS = (
					"$(inherited)",
					"@executable_path/Frameworks",
					"@loader_path/Frameworks",
				);
				PRODUCT_BUNDLE_IDENTIFIER = "com.periodthree.kwon-Ethan-TicTacToeAppTests";
				PRODUCT_NAME = "$(TARGET_NAME)";
				SWIFT_VERSION = 5.0;
				TARGETED_DEVICE_FAMILY = "1,2";
				TEST_HOST = "$(BUILT_PRODUCTS_DIR)/kwon_Ethan_TicTacToeApp.app/kwon_Ethan_TicTacToeApp";
			};
			name = Release;
		};
		54E37DCF235F58C200D76652 /* Debug */ = {
			isa = XCBuildConfiguration;
			buildSettings = {
				ALWAYS_EMBED_SWIFT_STANDARD_LIBRARIES = YES;
				CODE_SIGN_STYLE = Automatic;
				INFOPLIST_FILE = kwon_Ethan_TicTacToeAppUITests/Info.plist;
				LD_RUNPATH_SEARCH_PATHS = (
					"$(inherited)",
					"@executable_path/Frameworks",
					"@loader_path/Frameworks",
				);
				PRODUCT_BUNDLE_IDENTIFIER = "com.periodthree.kwon-Ethan-TicTacToeAppUITests";
				PRODUCT_NAME = "$(TARGET_NAME)";
				SWIFT_VERSION = 5.0;
				TARGETED_DEVICE_FAMILY = "1,2";
				TEST_TARGET_NAME = kwon_Ethan_TicTacToeApp;
			};
			name = Debug;
		};
		54E37DD0235F58C200D76652 /* Release */ = {
			isa = XCBuildConfiguration;
			buildSettings = {
				ALWAYS_EMBED_SWIFT_STANDARD_LIBRARIES = YES;
				CODE_SIGN_STYLE = Automatic;
				INFOPLIST_FILE = kwon_Ethan_TicTacToeAppUITests/Info.plist;
				LD_RUNPATH_SEARCH_PATHS = (
					"$(inherited)",
					"@executable_path/Frameworks",
					"@loader_path/Frameworks",
				);
				PRODUCT_BUNDLE_IDENTIFIER = "com.periodthree.kwon-Ethan-TicTacToeAppUITests";
				PRODUCT_NAME = "$(TARGET_NAME)";
				SWIFT_VERSION = 5.0;
				TARGETED_DEVICE_FAMILY = "1,2";
				TEST_TARGET_NAME = kwon_Ethan_TicTacToeApp;
			};
			name = Release;
		};
/* End XCBuildConfiguration section */

/* Begin XCConfigurationList section */
		54E37D99235F58C100D76652 /* Build configuration list for PBXProject "kwon_Ethan_TicTacToeApp" */ = {
			isa = XCConfigurationList;
			buildConfigurations = (
				54E37DC6235F58C200D76652 /* Debug */,
				54E37DC7235F58C200D76652 /* Release */,
			);
			defaultConfigurationIsVisible = 0;
			defaultConfigurationName = Release;
		};
		54E37DC8235F58C200D76652 /* Build configuration list for PBXNativeTarget "kwon_Ethan_TicTacToeApp" */ = {
			isa = XCConfigurationList;
			buildConfigurations = (
				54E37DC9235F58C200D76652 /* Debug */,
				54E37DCA235F58C200D76652 /* Release */,
			);
			defaultConfigurationIsVisible = 0;
			defaultConfigurationName = Release;
		};
		54E37DCB235F58C200D76652 /* Build configuration list for PBXNativeTarget "kwon_Ethan_TicTacToeAppTests" */ = {
			isa = XCConfigurationList;
			buildConfigurations = (
				54E37DCC235F58C200D76652 /* Debug */,
				54E37DCD235F58C200D76652 /* Release */,
			);
			defaultConfigurationIsVisible = 0;
			defaultConfigurationName = Release;
		};
		54E37DCE235F58C200D76652 /* Build configuration list for PBXNativeTarget "kwon_Ethan_TicTacToeAppUITests" */ = {
			isa = XCConfigurationList;
			buildConfigurations = (
				54E37DCF235F58C200D76652 /* Debug */,
				54E37DD0235F58C200D76652 /* Release */,
			);
			defaultConfigurationIsVisible = 0;
			defaultConfigurationName = Release;
		};
/* End XCConfigurationList section */
	};
	rootObject = 54E37D96235F58C100D76652 /* Project object */;
}
